
Microsoft Visual Studio Solution File, Format Version 12.00
# Visual Studio Version 16
VisualStudioVersion = 16.0.34601.136
MinimumVisualStudioVersion = 10.0.40219.1
Project("{FAE04EC0-301F-11D3-BF4B-00C04F79EFBC}") = "pets", "pets\pets.csproj", "{1A662D3E-6E26-4C71-A5C1-4A6324238E3A}"
EndProject
Global
	GlobalSection(SolutionConfigurationPlatforms) = preSolution
		Debug|Any CPU = Debug|Any CPU
		Release|Any CPU = Release|Any CPU
	EndGlobalSection
	GlobalSection(ProjectConfigurationPlatforms) = postSolution
		{1A662D3E-6E26-4C71-A5C1-4A6324238E3A}.Debug|Any CPU.ActiveCfg = Debug|Any CPU
		{1A662D3E-6E26-4C71-A5C1-4A6324238E3A}.Debug|Any CPU.Build.0 = Debug|Any CPU
		{1A662D3E-6E26-4C71-A5C1-4A6324238E3A}.Release|Any CPU.ActiveCfg = Release|Any CPU
		{1A662D3E-6E26-4C71-A5C1-4A6324238E3A}.Release|Any CPU.Build.0 = Release|Any CPU
	EndGlobalSection
	GlobalSection(SolutionProperties) = preSolution
		HideSolutionNode = FALSE
	EndGlobalSection
	GlobalSection(ExtensibilityGlobals) = postSolution
		SolutionGuid = {35318D2A-D152-4941-8601-EC0A619A423A}
	EndGlobalSection
EndGlobal
